// !$*UTF8*$!
{
	archiveVersion = 1;
	classes = {
	};
	objectVersion = 46;
	objects = {

/* Begin PBXBuildFile section */
		92750B44168CF00300216713 /* sets@2x.jpg in Resources */ = {isa = PBXBuildFile; fileRef = 92750B43168CF00300216713 /* sets@2x.jpg */; };
		92750B46168CF04100216713 /* sets.jpg in Resources */ = {isa = PBXBuildFile; fileRef = 92750B45168CF04100216713 /* sets.jpg */; };
		92750B49168CF27900216713 /* RandomizerView.m in Sources */ = {isa = PBXBuildFile; fileRef = 92750B48168CF27900216713 /* RandomizerView.m */; };
		929A2D7F168CBAB000C4386E /* Query.m in Sources */ = {isa = PBXBuildFile; fileRef = 929A2D7E168CBAB000C4386E /* Query.m */; };
		92BE70BE1688F62F00ED4BE6 /* iPad.storyboard in Resources */ = {isa = PBXBuildFile; fileRef = 92BE70BD1688F62F00ED4BE6 /* iPad.storyboard */; };
		92BE70DB1689325300ED4BE6 /* apple-touch-icon-144x144.png in Resources */ = {isa = PBXBuildFile; fileRef = 92BE70DA1689325300ED4BE6 /* apple-touch-icon-144x144.png */; };
		92BE70DD1689326D00ED4BE6 /* apple-touch-icon-72x72.png in Resources */ = {isa = PBXBuildFile; fileRef = 92BE70DC1689326D00ED4BE6 /* apple-touch-icon-72x72.png */; };
		92BE70DF1689328400ED4BE6 /* Default-Landscape@2x~ipad.png in Resources */ = {isa = PBXBuildFile; fileRef = 92BE70DE1689328400ED4BE6 /* Default-Landscape@2x~ipad.png */; };
		92BE70E11689328C00ED4BE6 /* Default-Portrait@2x~ipad.png in Resources */ = {isa = PBXBuildFile; fileRef = 92BE70E01689328C00ED4BE6 /* Default-Portrait@2x~ipad.png */; };
		92BE70E31689329700ED4BE6 /* Default-Portrait~ipad.png in Resources */ = {isa = PBXBuildFile; fileRef = 92BE70E21689329600ED4BE6 /* Default-Portrait~ipad.png */; };
		92BE70E51689329C00ED4BE6 /* Default-Landscape~ipad.png in Resources */ = {isa = PBXBuildFile; fileRef = 92BE70E41689329C00ED4BE6 /* Default-Landscape~ipad.png */; };
		92BE70E8168944E100ED4BE6 /* dominion.sqlite in Resources */ = {isa = PBXBuildFile; fileRef = 92BE70E7168942F100ED4BE6 /* dominion.sqlite */; };
		92E8DF611696455D000D2C76 /* DominionVars.m in Sources */ = {isa = PBXBuildFile; fileRef = 92E8DF601696455D000D2C76 /* DominionVars.m */; };
		92EA0597168D75E900A77A66 /* dominion_shield.png in Resources */ = {isa = PBXBuildFile; fileRef = 92EA0596168D75E900A77A66 /* dominion_shield.png */; };
		92F86009168971690019D3FF /* apple-touch-icon-57x57.png in Resources */ = {isa = PBXBuildFile; fileRef = 92F86008168971690019D3FF /* apple-touch-icon-57x57.png */; };
		92F8600C1689716B0019D3FF /* apple-touch-icon-114x114.png in Resources */ = {isa = PBXBuildFile; fileRef = 92F8600B1689716B0019D3FF /* apple-touch-icon-114x114.png */; };
		92F86019168A30710019D3FF /* KingdomView.m in Sources */ = {isa = PBXBuildFile; fileRef = 92F86018168A30710019D3FF /* KingdomView.m */; };
		92F8601C168A31C70019D3FF /* CardCell.m in Sources */ = {isa = PBXBuildFile; fileRef = 92F8601B168A31C70019D3FF /* CardCell.m */; };
		F2184057162B7EEA0082EC2C /* CardDetailView.m in Sources */ = {isa = PBXBuildFile; fileRef = F2184056162B7EEA0082EC2C /* CardDetailView.m */; };
		F21896E7148D953C00309A50 /* UIKit.framework in Frameworks */ = {isa = PBXBuildFile; fileRef = F21896E6148D953C00309A50 /* UIKit.framework */; };
		F21896E9148D953C00309A50 /* Foundation.framework in Frameworks */ = {isa = PBXBuildFile; fileRef = F21896E8148D953C00309A50 /* Foundation.framework */; };
		F21896EB148D953C00309A50 /* CoreGraphics.framework in Frameworks */ = {isa = PBXBuildFile; fileRef = F21896EA148D953C00309A50 /* CoreGraphics.framework */; };
		F21896F1148D953C00309A50 /* InfoPlist.strings in Resources */ = {isa = PBXBuildFile; fileRef = F21896EF148D953C00309A50 /* InfoPlist.strings */; };
		F21896F3148D953C00309A50 /* main.m in Sources */ = {isa = PBXBuildFile; fileRef = F21896F2148D953C00309A50 /* main.m */; };
		F21896F7148D953C00309A50 /* AppDelegate.m in Sources */ = {isa = PBXBuildFile; fileRef = F21896F6148D953C00309A50 /* AppDelegate.m */; };
		F21896FA148D953C00309A50 /* MainStoryboard.storyboard in Resources */ = {isa = PBXBuildFile; fileRef = F21896F8148D953C00309A50 /* MainStoryboard.storyboard */; };
		F218970B148D983A00309A50 /* Card.m in Sources */ = {isa = PBXBuildFile; fileRef = F218970A148D983900309A50 /* Card.m */; };
		F218970E148DA0E900309A50 /* ListView.m in Sources */ = {isa = PBXBuildFile; fileRef = F218970D148DA0E900309A50 /* ListView.m */; };
		F2C887CC14D8C4CB003BFC2D /* libsqlite3.0.dylib in Frameworks */ = {isa = PBXBuildFile; fileRef = F2C887CB14D8C4CB003BFC2D /* libsqlite3.0.dylib */; };
/* End PBXBuildFile section */

/* Begin PBXFileReference section */
		92750B43168CF00300216713 /* sets@2x.jpg */ = {isa = PBXFileReference; lastKnownFileType = image.jpeg; name = "sets@2x.jpg"; path = "FirstTableProject/images/sets@2x.jpg"; sourceTree = "<group>"; };
		92750B45168CF04100216713 /* sets.jpg */ = {isa = PBXFileReference; lastKnownFileType = image.jpeg; name = sets.jpg; path = FirstTableProject/images/sets.jpg; sourceTree = "<group>"; };
		92750B47168CF27900216713 /* RandomizerView.h */ = {isa = PBXFileReference; fileEncoding = 4; lastKnownFileType = sourcecode.c.h; path = RandomizerView.h; sourceTree = "<group>"; };
		92750B48168CF27900216713 /* RandomizerView.m */ = {isa = PBXFileReference; fileEncoding = 4; lastKnownFileType = sourcecode.c.objc; path = RandomizerView.m; sourceTree = "<group>"; };
		929A2D7D168CBAB000C4386E /* Query.h */ = {isa = PBXFileReference; fileEncoding = 4; lastKnownFileType = sourcecode.c.h; path = Query.h; sourceTree = "<group>"; };
		929A2D7E168CBAB000C4386E /* Query.m */ = {isa = PBXFileReference; fileEncoding = 4; lastKnownFileType = sourcecode.c.objc; path = Query.m; sourceTree = "<group>"; };
		92BE70BD1688F62F00ED4BE6 /* iPad.storyboard */ = {isa = PBXFileReference; fileEncoding = 4; lastKnownFileType = file.storyboard; path = iPad.storyboard; sourceTree = "<group>"; };
		92BE70DA1689325300ED4BE6 /* apple-touch-icon-144x144.png */ = {isa = PBXFileReference; lastKnownFileType = image.png; path = "apple-touch-icon-144x144.png"; sourceTree = "<group>"; };
		92BE70DC1689326D00ED4BE6 /* apple-touch-icon-72x72.png */ = {isa = PBXFileReference; lastKnownFileType = image.png; path = "apple-touch-icon-72x72.png"; sourceTree = "<group>"; };
		92BE70DE1689328400ED4BE6 /* Default-Landscape@2x~ipad.png */ = {isa = PBXFileReference; lastKnownFileType = image.png; path = "Default-Landscape@2x~ipad.png"; sourceTree = "<group>"; };
		92BE70E01689328C00ED4BE6 /* Default-Portrait@2x~ipad.png */ = {isa = PBXFileReference; lastKnownFileType = image.png; path = "Default-Portrait@2x~ipad.png"; sourceTree = "<group>"; };
		92BE70E21689329600ED4BE6 /* Default-Portrait~ipad.png */ = {isa = PBXFileReference; lastKnownFileType = image.png; path = "Default-Portrait~ipad.png"; sourceTree = "<group>"; };
		92BE70E41689329C00ED4BE6 /* Default-Landscape~ipad.png */ = {isa = PBXFileReference; lastKnownFileType = image.png; path = "Default-Landscape~ipad.png"; sourceTree = "<group>"; };
		92BE70E7168942F100ED4BE6 /* dominion.sqlite */ = {isa = PBXFileReference; lastKnownFileType = file; path = dominion.sqlite; sourceTree = "<group>"; };
		92E8DF5F1696455D000D2C76 /* DominionVars.h */ = {isa = PBXFileReference; fileEncoding = 4; lastKnownFileType = sourcecode.c.h; path = DominionVars.h; sourceTree = "<group>"; };
		92E8DF601696455D000D2C76 /* DominionVars.m */ = {isa = PBXFileReference; fileEncoding = 4; lastKnownFileType = sourcecode.c.objc; path = DominionVars.m; sourceTree = "<group>"; };
		92EA0596168D75E900A77A66 /* dominion_shield.png */ = {isa = PBXFileReference; lastKnownFileType = image.png; name = dominion_shield.png; path = FirstTableProject/images/dominion_shield.png; sourceTree = "<group>"; };
		92F86008168971690019D3FF /* apple-touch-icon-57x57.png */ = {isa = PBXFileReference; lastKnownFileType = image.png; path = "apple-touch-icon-57x57.png"; sourceTree = "<group>"; };
		92F8600B1689716B0019D3FF /* apple-touch-icon-114x114.png */ = {isa = PBXFileReference; lastKnownFileType = image.png; path = "apple-touch-icon-114x114.png"; sourceTree = "<group>"; };
		92F8600D168971710019D3FF /* Default.png */ = {isa = PBXFileReference; lastKnownFileType = image.png; path = Default.png; sourceTree = "<group>"; };
		92F8600F168971810019D3FF /* Default@2x.png */ = {isa = PBXFileReference; lastKnownFileType = image.png; path = "Default@2x.png"; sourceTree = "<group>"; };
		92F86011168971840019D3FF /* Default-568h@2x.png */ = {isa = PBXFileReference; lastKnownFileType = image.png; path = "Default-568h@2x.png"; sourceTree = "<group>"; };
		92F86017168A30710019D3FF /* KingdomView.h */ = {isa = PBXFileReference; fileEncoding = 4; lastKnownFileType = sourcecode.c.h; path = KingdomView.h; sourceTree = "<group>"; };
		92F86018168A30710019D3FF /* KingdomView.m */ = {isa = PBXFileReference; fileEncoding = 4; lastKnownFileType = sourcecode.c.objc; path = KingdomView.m; sourceTree = "<group>"; };
		92F8601A168A31C70019D3FF /* CardCell.h */ = {isa = PBXFileReference; fileEncoding = 4; lastKnownFileType = sourcecode.c.h; path = CardCell.h; sourceTree = "<group>"; };
		92F8601B168A31C70019D3FF /* CardCell.m */ = {isa = PBXFileReference; fileEncoding = 4; lastKnownFileType = sourcecode.c.objc; path = CardCell.m; sourceTree = "<group>"; };
		F2184055162B7EEA0082EC2C /* CardDetailView.h */ = {isa = PBXFileReference; fileEncoding = 4; lastKnownFileType = sourcecode.c.h; path = CardDetailView.h; sourceTree = "<group>"; };
		F2184056162B7EEA0082EC2C /* CardDetailView.m */ = {isa = PBXFileReference; fileEncoding = 4; lastKnownFileType = sourcecode.c.objc; path = CardDetailView.m; sourceTree = "<group>"; };
		F21896E2148D953C00309A50 /* DominionDB.app */ = {isa = PBXFileReference; explicitFileType = wrapper.application; includeInIndex = 0; path = DominionDB.app; sourceTree = BUILT_PRODUCTS_DIR; };
		F21896E6148D953C00309A50 /* UIKit.framework */ = {isa = PBXFileReference; lastKnownFileType = wrapper.framework; name = UIKit.framework; path = System/Library/Frameworks/UIKit.framework; sourceTree = SDKROOT; };
		F21896E8148D953C00309A50 /* Foundation.framework */ = {isa = PBXFileReference; lastKnownFileType = wrapper.framework; name = Foundation.framework; path = System/Library/Frameworks/Foundation.framework; sourceTree = SDKROOT; };
		F21896EA148D953C00309A50 /* CoreGraphics.framework */ = {isa = PBXFileReference; lastKnownFileType = wrapper.framework; name = CoreGraphics.framework; path = System/Library/Frameworks/CoreGraphics.framework; sourceTree = SDKROOT; };
		F21896EE148D953C00309A50 /* DominionDB-Info.plist */ = {isa = PBXFileReference; lastKnownFileType = text.plist.xml; path = "DominionDB-Info.plist"; sourceTree = "<group>"; };
		F21896F0148D953C00309A50 /* en */ = {isa = PBXFileReference; lastKnownFileType = text.plist.strings; name = en; path = en.lproj/InfoPlist.strings; sourceTree = "<group>"; };
		F21896F2148D953C00309A50 /* main.m */ = {isa = PBXFileReference; lastKnownFileType = sourcecode.c.objc; path = main.m; sourceTree = "<group>"; };
		F21896F4148D953C00309A50 /* DominionDB-Prefix.pch */ = {isa = PBXFileReference; lastKnownFileType = sourcecode.c.h; path = "DominionDB-Prefix.pch"; sourceTree = "<group>"; };
		F21896F5148D953C00309A50 /* AppDelegate.h */ = {isa = PBXFileReference; lastKnownFileType = sourcecode.c.h; path = AppDelegate.h; sourceTree = "<group>"; };
		F21896F6148D953C00309A50 /* AppDelegate.m */ = {isa = PBXFileReference; lastKnownFileType = sourcecode.c.objc; path = AppDelegate.m; sourceTree = "<group>"; };
		F21896F9148D953C00309A50 /* en */ = {isa = PBXFileReference; lastKnownFileType = file.storyboard; name = en; path = en.lproj/MainStoryboard.storyboard; sourceTree = "<group>"; };
		F2189709148D983900309A50 /* Card.h */ = {isa = PBXFileReference; fileEncoding = 4; lastKnownFileType = sourcecode.c.h; path = Card.h; sourceTree = "<group>"; };
		F218970A148D983900309A50 /* Card.m */ = {isa = PBXFileReference; fileEncoding = 4; lastKnownFileType = sourcecode.c.objc; path = Card.m; sourceTree = "<group>"; };
		F218970C148DA0E900309A50 /* ListView.h */ = {isa = PBXFileReference; fileEncoding = 4; lastKnownFileType = sourcecode.c.h; path = ListView.h; sourceTree = "<group>"; };
		F218970D148DA0E900309A50 /* ListView.m */ = {isa = PBXFileReference; fileEncoding = 4; lastKnownFileType = sourcecode.c.objc; path = ListView.m; sourceTree = "<group>"; };
		F2C887CB14D8C4CB003BFC2D /* libsqlite3.0.dylib */ = {isa = PBXFileReference; lastKnownFileType = "compiled.mach-o.dylib"; name = libsqlite3.0.dylib; path = usr/lib/libsqlite3.0.dylib; sourceTree = SDKROOT; };
/* End PBXFileReference section */

/* Begin PBXFrameworksBuildPhase section */
		F21896DF148D953C00309A50 /* Frameworks */ = {
			isa = PBXFrameworksBuildPhase;
			buildActionMask = 2147483647;
			files = (
				F21896E7148D953C00309A50 /* UIKit.framework in Frameworks */,
				F21896E9148D953C00309A50 /* Foundation.framework in Frameworks */,
				F21896EB148D953C00309A50 /* CoreGraphics.framework in Frameworks */,
				F2C887CC14D8C4CB003BFC2D /* libsqlite3.0.dylib in Frameworks */,
			);
			runOnlyForDeploymentPostprocessing = 0;
		};
/* End PBXFrameworksBuildPhase section */

/* Begin PBXGroup section */
		92F86013168A175C0019D3FF /* images */ = {
			isa = PBXGroup;
			children = (
				92EA0596168D75E900A77A66 /* dominion_shield.png */,
				92750B45168CF04100216713 /* sets.jpg */,
				92750B43168CF00300216713 /* sets@2x.jpg */,
				92F86011168971840019D3FF /* Default-568h@2x.png */,
				92F8600F168971810019D3FF /* Default@2x.png */,
				92F8600D168971710019D3FF /* Default.png */,
				92F8600B1689716B0019D3FF /* apple-touch-icon-114x114.png */,
				92F86008168971690019D3FF /* apple-touch-icon-57x57.png */,
				92BE70E41689329C00ED4BE6 /* Default-Landscape~ipad.png */,
				92BE70E21689329600ED4BE6 /* Default-Portrait~ipad.png */,
				92BE70E01689328C00ED4BE6 /* Default-Portrait@2x~ipad.png */,
				92BE70DE1689328400ED4BE6 /* Default-Landscape@2x~ipad.png */,
				92BE70DC1689326D00ED4BE6 /* apple-touch-icon-72x72.png */,
				92BE70DA1689325300ED4BE6 /* apple-touch-icon-144x144.png */,
			);
			name = images;
			sourceTree = "<group>";
		};
		F21896D7148D953C00309A50 = {
			isa = PBXGroup;
			children = (
				92F86013168A175C0019D3FF /* images */,
				F21896EC148D953C00309A50 /* classes */,
				F21896E5148D953C00309A50 /* Frameworks */,
				F21896E3148D953C00309A50 /* Products */,
			);
			sourceTree = "<group>";
		};
		F21896E3148D953C00309A50 /* Products */ = {
			isa = PBXGroup;
			children = (
				F21896E2148D953C00309A50 /* DominionDB.app */,
			);
			name = Products;
			sourceTree = "<group>";
		};
		F21896E5148D953C00309A50 /* Frameworks */ = {
			isa = PBXGroup;
			children = (
				F2C887CB14D8C4CB003BFC2D /* libsqlite3.0.dylib */,
				F21896E6148D953C00309A50 /* UIKit.framework */,
				F21896E8148D953C00309A50 /* Foundation.framework */,
				F21896EA148D953C00309A50 /* CoreGraphics.framework */,
			);
			name = Frameworks;
			sourceTree = "<group>";
		};
		F21896EC148D953C00309A50 /* classes */ = {
			isa = PBXGroup;
			children = (
				F21896ED148D953C00309A50 /* Supporting Files */,
				92BE70E7168942F100ED4BE6 /* dominion.sqlite */,
				92E8DF5F1696455D000D2C76 /* DominionVars.h */,
				92E8DF601696455D000D2C76 /* DominionVars.m */,
				F21896F5148D953C00309A50 /* AppDelegate.h */,
				F21896F6148D953C00309A50 /* AppDelegate.m */,
				F21896F8148D953C00309A50 /* MainStoryboard.storyboard */,
				92BE70BD1688F62F00ED4BE6 /* iPad.storyboard */,
				F2189709148D983900309A50 /* Card.h */,
				F218970A148D983900309A50 /* Card.m */,
				F218970C148DA0E900309A50 /* ListView.h */,
				F218970D148DA0E900309A50 /* ListView.m */,
				92750B47168CF27900216713 /* RandomizerView.h */,
				92750B48168CF27900216713 /* RandomizerView.m */,
				92F86017168A30710019D3FF /* KingdomView.h */,
				92F86018168A30710019D3FF /* KingdomView.m */,
				F2184055162B7EEA0082EC2C /* CardDetailView.h */,
				F2184056162B7EEA0082EC2C /* CardDetailView.m */,
				92F8601A168A31C70019D3FF /* CardCell.h */,
				92F8601B168A31C70019D3FF /* CardCell.m */,
				929A2D7D168CBAB000C4386E /* Query.h */,
				929A2D7E168CBAB000C4386E /* Query.m */,
			);
			name = classes;
			path = FirstTableProject;
			sourceTree = "<group>";
		};
		F21896ED148D953C00309A50 /* Supporting Files */ = {
			isa = PBXGroup;
			children = (
				F21896EE148D953C00309A50 /* DominionDB-Info.plist */,
				F21896EF148D953C00309A50 /* InfoPlist.strings */,
				F21896F2148D953C00309A50 /* main.m */,
				F21896F4148D953C00309A50 /* DominionDB-Prefix.pch */,
			);
			name = "Supporting Files";
			sourceTree = "<group>";
		};
/* End PBXGroup section */

/* Begin PBXNativeTarget section */
		F21896E1148D953C00309A50 /* DominionDB */ = {
			isa = PBXNativeTarget;
			buildConfigurationList = F2189700148D953C00309A50 /* Build configuration list for PBXNativeTarget "DominionDB" */;
			buildPhases = (
				F21896DE148D953C00309A50 /* Sources */,
				F21896DF148D953C00309A50 /* Frameworks */,
				F21896E0148D953C00309A50 /* Resources */,
			);
			buildRules = (
			);
			dependencies = (
			);
			name = DominionDB;
			productName = FirstTableProject;
			productReference = F21896E2148D953C00309A50 /* DominionDB.app */;
			productType = "com.apple.product-type.application";
		};
/* End PBXNativeTarget section */

/* Begin PBXProject section */
		F21896D9148D953C00309A50 /* Project object */ = {
			isa = PBXProject;
			attributes = {
				LastUpgradeCheck = 0420;
				ORGANIZATIONNAME = Malechite;
			};
			buildConfigurationList = F21896DC148D953C00309A50 /* Build configuration list for PBXProject "DominionDB" */;
			compatibilityVersion = "Xcode 3.2";
			developmentRegion = English;
			hasScannedForEncodings = 0;
			knownRegions = (
				en,
			);
			mainGroup = F21896D7148D953C00309A50;
			productRefGroup = F21896E3148D953C00309A50 /* Products */;
			projectDirPath = "";
			projectRoot = "";
			targets = (
				F21896E1148D953C00309A50 /* DominionDB */,
			);
		};
/* End PBXProject section */

/* Begin PBXResourcesBuildPhase section */
		F21896E0148D953C00309A50 /* Resources */ = {
			isa = PBXResourcesBuildPhase;
			buildActionMask = 2147483647;
			files = (
				92BE70E8168944E100ED4BE6 /* dominion.sqlite in Resources */,
				F21896F1148D953C00309A50 /* InfoPlist.strings in Resources */,
				F21896FA148D953C00309A50 /* MainStoryboard.storyboard in Resources */,
				92BE70BE1688F62F00ED4BE6 /* iPad.storyboard in Resources */,
				92BE70DB1689325300ED4BE6 /* apple-touch-icon-144x144.png in Resources */,
				92BE70DD1689326D00ED4BE6 /* apple-touch-icon-72x72.png in Resources */,
				92BE70DF1689328400ED4BE6 /* Default-Landscape@2x~ipad.png in Resources */,
				92BE70E11689328C00ED4BE6 /* Default-Portrait@2x~ipad.png in Resources */,
				92BE70E31689329700ED4BE6 /* Default-Portrait~ipad.png in Resources */,
				92BE70E51689329C00ED4BE6 /* Default-Landscape~ipad.png in Resources */,
				92F86009168971690019D3FF /* apple-touch-icon-57x57.png in Resources */,
				92F8600C1689716B0019D3FF /* apple-touch-icon-114x114.png in Resources */,
				92750B44168CF00300216713 /* sets@2x.jpg in Resources */,
				92750B46168CF04100216713 /* sets.jpg in Resources */,
				92EA0597168D75E900A77A66 /* dominion_shield.png in Resources */,
			);
			runOnlyForDeploymentPostprocessing = 0;
		};
/* End PBXResourcesBuildPhase section */

/* Begin PBXSourcesBuildPhase section */
		F21896DE148D953C00309A50 /* Sources */ = {
			isa = PBXSourcesBuildPhase;
			buildActionMask = 2147483647;
			files = (
				F21896F3148D953C00309A50 /* main.m in Sources */,
				F21896F7148D953C00309A50 /* AppDelegate.m in Sources */,
				F218970B148D983A00309A50 /* Card.m in Sources */,
				F218970E148DA0E900309A50 /* ListView.m in Sources */,
				F2184057162B7EEA0082EC2C /* CardDetailView.m in Sources */,
				92F86019168A30710019D3FF /* KingdomView.m in Sources */,
				92F8601C168A31C70019D3FF /* CardCell.m in Sources */,
				929A2D7F168CBAB000C4386E /* Query.m in Sources */,
				92750B49168CF27900216713 /* RandomizerView.m in Sources */,
				92E8DF611696455D000D2C76 /* DominionVars.m in Sources */,
			);
			runOnlyForDeploymentPostprocessing = 0;
		};
/* End PBXSourcesBuildPhase section */

/* Begin PBXVariantGroup section */
		F21896EF148D953C00309A50 /* InfoPlist.strings */ = {
			isa = PBXVariantGroup;
			children = (
				F21896F0148D953C00309A50 /* en */,
			);
			name = InfoPlist.strings;
			sourceTree = "<group>";
		};
		F21896F8148D953C00309A50 /* MainStoryboard.storyboard */ = {
			isa = PBXVariantGroup;
			children = (
				F21896F9148D953C00309A50 /* en */,
			);
			name = MainStoryboard.storyboard;
			sourceTree = "<group>";
		};
/* End PBXVariantGroup section */

/* Begin XCBuildConfiguration section */
		F21896FE148D953C00309A50 /* Debug */ = {
			isa = XCBuildConfiguration;
			buildSettings = {
				ALWAYS_SEARCH_USER_PATHS = NO;
				ARCHS = "$(ARCHS_STANDARD_32_BIT)";
				CLANG_ENABLE_OBJC_ARC = YES;
				"CODE_SIGN_IDENTITY[sdk=iphoneos*]" = "iPhone Developer";
				COPY_PHASE_STRIP = NO;
				GCC_C_LANGUAGE_STANDARD = gnu99;
				GCC_DYNAMIC_NO_PIC = NO;
				GCC_OPTIMIZATION_LEVEL = 0;
				GCC_PREPROCESSOR_DEFINITIONS = (
					"DEBUG=1",
					"$(inherited)",
				);
				GCC_SYMBOLS_PRIVATE_EXTERN = NO;
				GCC_VERSION = com.apple.compilers.llvm.clang.1_0;
				GCC_WARN_ABOUT_MISSING_PROTOTYPES = YES;
				GCC_WARN_ABOUT_RETURN_TYPE = YES;
				GCC_WARN_UNUSED_VARIABLE = YES;
				IPHONEOS_DEPLOYMENT_TARGET = 6.0;
				SDKROOT = iphoneos;
			};
			name = Debug;
		};
		F21896FF148D953C00309A50 /* Release */ = {
			isa = XCBuildConfiguration;
			buildSettings = {
				ALWAYS_SEARCH_USER_PATHS = NO;
				ARCHS = "$(ARCHS_STANDARD_32_BIT)";
				CLANG_ENABLE_OBJC_ARC = YES;
				"CODE_SIGN_IDENTITY[sdk=iphoneos*]" = "iPhone Developer";
				COPY_PHASE_STRIP = YES;
				GCC_C_LANGUAGE_STANDARD = gnu99;
				GCC_VERSION = com.apple.compilers.llvm.clang.1_0;
				GCC_WARN_ABOUT_MISSING_PROTOTYPES = YES;
				GCC_WARN_ABOUT_RETURN_TYPE = YES;
				GCC_WARN_UNUSED_VARIABLE = YES;
				IPHONEOS_DEPLOYMENT_TARGET = 6.0;
				OTHER_CFLAGS = "-DNS_BLOCK_ASSERTIONS=1";
				SDKROOT = iphoneos;
				VALIDATE_PRODUCT = YES;
			};
			name = Release;
		};
		F2189701148D953C00309A50 /* Debug */ = {
			isa = XCBuildConfiguration;
			buildSettings = {
				GCC_PRECOMPILE_PREFIX_HEADER = YES;
				GCC_PREFIX_HEADER = "FirstTableProject/DominionDB-Prefix.pch";
				INFOPLIST_FILE = "FirstTableProject/DominionDB-Info.plist";
				IPHONEOS_DEPLOYMENT_TARGET = 6.0;
				PRODUCT_NAME = DominionDB;
				TARGETED_DEVICE_FAMILY = "1,2";
				WRAPPER_EXTENSION = app;
			};
			name = Debug;
		};
		F2189702148D953C00309A50 /* Release */ = {
			isa = XCBuildConfiguration;
			buildSettings = {
				GCC_PRECOMPILE_PREFIX_HEADER = YES;
				GCC_PREFIX_HEADER = "FirstTableProject/DominionDB-Prefix.pch";
				INFOPLIST_FILE = "FirstTableProject/DominionDB-Info.plist";
				IPHONEOS_DEPLOYMENT_TARGET = 6.0;
				PRODUCT_NAME = DominionDB;
				TARGETED_DEVICE_FAMILY = "1,2";
				WRAPPER_EXTENSION = app;
			};
			name = Release;
		};
/* End XCBuildConfiguration section */

/* Begin XCConfigurationList section */
		F21896DC148D953C00309A50 /* Build configuration list for PBXProject "DominionDB" */ = {
			isa = XCConfigurationList;
			buildConfigurations = (
				F21896FE148D953C00309A50 /* Debug */,
				F21896FF148D953C00309A50 /* Release */,
			);
			defaultConfigurationIsVisible = 0;
			defaultConfigurationName = Release;
		};
		F2189700148D953C00309A50 /* Build configuration list for PBXNativeTarget "DominionDB" */ = {
			isa = XCConfigurationList;
			buildConfigurations = (
				F2189701148D953C00309A50 /* Debug */,
				F2189702148D953C00309A50 /* Release */,
			);
			defaultConfigurationIsVisible = 0;
			defaultConfigurationName = Release;
		};
/* End XCConfigurationList section */
	};
	rootObject = F21896D9148D953C00309A50 /* Project object */;
}
