// !$*UTF8*$!
{
	archiveVersion = 1;
	classes = {
	};
	objectVersion = 46;
	objects = {

/* Begin PBXBuildFile section */
		F21896E7148D953C00309A50 /* UIKit.framework in Frameworks */ = {isa = PBXBuildFile; fileRef = F21896E6148D953C00309A50 /* UIKit.framework */; };
		F21896E9148D953C00309A50 /* Foundation.framework in Frameworks */ = {isa = PBXBuildFile; fileRef = F21896E8148D953C00309A50 /* Foundation.framework */; };
		F21896EB148D953C00309A50 /* CoreGraphics.framework in Frameworks */ = {isa = PBXBuildFile; fileRef = F21896EA148D953C00309A50 /* CoreGraphics.framework */; };
		F21896F1148D953C00309A50 /* InfoPlist.strings in Resources */ = {isa = PBXBuildFile; fileRef = F21896EF148D953C00309A50 /* InfoPlist.strings */; };
		F21896F3148D953C00309A50 /* main.m in Sources */ = {isa = PBXBuildFile; fileRef = F21896F2148D953C00309A50 /* main.m */; };
		F21896F7148D953C00309A50 /* kcbAppDelegate.m in Sources */ = {isa = PBXBuildFile; fileRef = F21896F6148D953C00309A50 /* kcbAppDelegate.m */; };
		F21896FA148D953C00309A50 /* MainStoryboard.storyboard in Resources */ = {isa = PBXBuildFile; fileRef = F21896F8148D953C00309A50 /* MainStoryboard.storyboard */; };
		F21896FD148D953C00309A50 /* kcbViewController.m in Sources */ = {isa = PBXBuildFile; fileRef = F21896FC148D953C00309A50 /* kcbViewController.m */; };
/* End PBXBuildFile section */

/* Begin PBXFileReference section */
		F21896E2148D953C00309A50 /* FirstTableProject.app */ = {isa = PBXFileReference; explicitFileType = wrapper.application; includeInIndex = 0; path = FirstTableProject.app; sourceTree = BUILT_PRODUCTS_DIR; };
		F21896E6148D953C00309A50 /* UIKit.framework */ = {isa = PBXFileReference; lastKnownFileType = wrapper.framework; name = UIKit.framework; path = System/Library/Frameworks/UIKit.framework; sourceTree = SDKROOT; };
		F21896E8148D953C00309A50 /* Foundation.framework */ = {isa = PBXFileReference; lastKnownFileType = wrapper.framework; name = Foundation.framework; path = System/Library/Frameworks/Foundation.framework; sourceTree = SDKROOT; };
		F21896EA148D953C00309A50 /* CoreGraphics.framework */ = {isa = PBXFileReference; lastKnownFileType = wrapper.framework; name = CoreGraphics.framework; path = System/Library/Frameworks/CoreGraphics.framework; sourceTree = SDKROOT; };
		F21896EE148D953C00309A50 /* FirstTableProject-Info.plist */ = {isa = PBXFileReference; path = "FirstTableProject-Info.plist"; sourceTree = "<group>"; };
		F21896F0148D953C00309A50 /* en */ = {isa = PBXFileReference; lastKnownFileType = text.plist.strings; name = en; path = en.lproj/InfoPlist.strings; sourceTree = "<group>"; };
		F21896F2148D953C00309A50 /* main.m */ = {isa = PBXFileReference; lastKnownFileType = sourcecode.c.objc; path = main.m; sourceTree = "<group>"; };
		F21896F4148D953C00309A50 /* FirstTableProject-Prefix.pch */ = {isa = PBXFileReference; path = "FirstTableProject-Prefix.pch"; sourceTree = "<group>"; };
		F21896F5148D953C00309A50 /* kcbAppDelegate.h */ = {isa = PBXFileReference; path = kcbAppDelegate.h; sourceTree = "<group>"; };
		F21896F6148D953C00309A50 /* kcbAppDelegate.m */ = {isa = PBXFileReference; lastKnownFileType = sourcecode.c.objc; path = kcbAppDelegate.m; sourceTree = "<group>"; };
		F21896F9148D953C00309A50 /* en */ = {isa = PBXFileReference; lastKnownFileType = file.storyboard; name = en; path = en.lproj/MainStoryboard.storyboard; sourceTree = "<group>"; };
		F21896FB148D953C00309A50 /* kcbViewController.h */ = {isa = PBXFileReference; path = kcbViewController.h; sourceTree = "<group>"; };
		F21896FC148D953C00309A50 /* kcbViewController.m */ = {isa = PBXFileReference; lastKnownFileType = sourcecode.c.objc; path = kcbViewController.m; sourceTree = "<group>"; };
/* End PBXFileReference section */

/* Begin PBXFrameworksBuildPhase section */
		F21896DF148D953C00309A50 /* Frameworks */ = {
			isa = PBXFrameworksBuildPhase;
			buildActionMask = 2147483647;
			files = (
				F21896E7148D953C00309A50 /* UIKit.framework in Frameworks */,
				F21896E9148D953C00309A50 /* Foundation.framework in Frameworks */,
				F21896EB148D953C00309A50 /* CoreGraphics.framework in Frameworks */,
			);
			runOnlyForDeploymentPostprocessing = 0;
		};
/* End PBXFrameworksBuildPhase section */

/* Begin PBXGroup section */
		F21896D7148D953C00309A50 = {
			isa = PBXGroup;
			children = (
				F21896EC148D953C00309A50 /* FirstTableProject */,
				F21896E5148D953C00309A50 /* Frameworks */,
				F21896E3148D953C00309A50 /* Products */,
			);
			sourceTree = "<group>";
		};
		F21896E3148D953C00309A50 /* Products */ = {
			isa = PBXGroup;
			children = (
				F21896E2148D953C00309A50 /* FirstTableProject.app */,
			);
			name = Products;
			sourceTree = "<group>";
		};
		F21896E5148D953C00309A50 /* Frameworks */ = {
			isa = PBXGroup;
			children = (
				F21896E6148D953C00309A50 /* UIKit.framework */,
				F21896E8148D953C00309A50 /* Foundation.framework */,
				F21896EA148D953C00309A50 /* CoreGraphics.framework */,
			);
			name = Frameworks;
			sourceTree = "<group>";
		};
		F21896EC148D953C00309A50 /* FirstTableProject */ = {
			isa = PBXGroup;
			children = (
				F21896F5148D953C00309A50 /* kcbAppDelegate.h */,
				F21896F6148D953C00309A50 /* kcbAppDelegate.m */,
				F21896F8148D953C00309A50 /* MainStoryboard.storyboard */,
				F21896FB148D953C00309A50 /* kcbViewController.h */,
				F21896FC148D953C00309A50 /* kcbViewController.m */,
				F21896ED148D953C00309A50 /* Supporting Files */,
			);
			path = FirstTableProject;
			sourceTree = "<group>";
		};
		F21896ED148D953C00309A50 /* Supporting Files */ = {
			isa = PBXGroup;
			children = (
				F21896EE148D953C00309A50 /* FirstTableProject-Info.plist */,
				F21896EF148D953C00309A50 /* InfoPlist.strings */,
				F21896F2148D953C00309A50 /* main.m */,
				F21896F4148D953C00309A50 /* FirstTableProject-Prefix.pch */,
			);
			name = "Supporting Files";
			sourceTree = "<group>";
		};
/* End PBXGroup section */

/* Begin PBXNativeTarget section */
		F21896E1148D953C00309A50 /* FirstTableProject */ = {
			isa = PBXNativeTarget;
			buildConfigurationList = F2189700148D953C00309A50 /* Build configuration list for PBXNativeTarget "FirstTableProject" */;
			buildPhases = (
				F21896DE148D953C00309A50 /* Sources */,
				F21896DF148D953C00309A50 /* Frameworks */,
				F21896E0148D953C00309A50 /* Resources */,
			);
			buildRules = (
			);
			dependencies = (
			);
			name = FirstTableProject;
			productName = FirstTableProject;
			productReference = F21896E2148D953C00309A50 /* FirstTableProject.app */;
			productType = "com.apple.product-type.application";
		};
/* End PBXNativeTarget section */

/* Begin PBXProject section */
		F21896D9148D953C00309A50 /* Project object */ = {
			isa = PBXProject;
			attributes = {
				LastUpgradeCheck = 0420;
				ORGANIZATIONNAME = kCodebook;
			};
			buildConfigurationList = F21896DC148D953C00309A50 /* Build configuration list for PBXProject "FirstTableProject" */;
			compatibilityVersion = "Xcode 3.2";
			developmentRegion = English;
			hasScannedForEncodings = 0;
			knownRegions = (
				en,
			);
			mainGroup = F21896D7148D953C00309A50;
			productRefGroup = F21896E3148D953C00309A50 /* Products */;
			projectDirPath = "";
			projectRoot = "";
			targets = (
				F21896E1148D953C00309A50 /* FirstTableProject */,
			);
		};
/* End PBXProject section */

/* Begin PBXResourcesBuildPhase section */
		F21896E0148D953C00309A50 /* Resources */ = {
			isa = PBXResourcesBuildPhase;
			buildActionMask = 2147483647;
			files = (
				F21896F1148D953C00309A50 /* InfoPlist.strings in Resources */,
				F21896FA148D953C00309A50 /* MainStoryboard.storyboard in Resources */,
			);
			runOnlyForDeploymentPostprocessing = 0;
		};
/* End PBXResourcesBuildPhase section */

/* Begin PBXSourcesBuildPhase section */
		F21896DE148D953C00309A50 /* Sources */ = {
			isa = PBXSourcesBuildPhase;
			buildActionMask = 2147483647;
			files = (
				F21896F3148D953C00309A50 /* main.m in Sources */,
				F21896F7148D953C00309A50 /* kcbAppDelegate.m in Sources */,
				F21896FD148D953C00309A50 /* kcbViewController.m in Sources */,
			);
			runOnlyForDeploymentPostprocessing = 0;
		};
/* End PBXSourcesBuildPhase section */

/* Begin PBXVariantGroup section */
		F21896EF148D953C00309A50 /* InfoPlist.strings */ = {
			isa = PBXVariantGroup;
			children = (
				F21896F0148D953C00309A50 /* en */,
			);
			name = InfoPlist.strings;
			sourceTree = "<group>";
		};
		F21896F8148D953C00309A50 /* MainStoryboard.storyboard */ = {
			isa = PBXVariantGroup;
			children = (
				F21896F9148D953C00309A50 /* en */,
			);
			name = MainStoryboard.storyboard;
			sourceTree = "<group>";
		};
/* End PBXVariantGroup section */

/* Begin XCBuildConfiguration section */
		F21896FE148D953C00309A50 /* Debug */ = {
			isa = XCBuildConfiguration;
			buildSettings = {
				ALWAYS_SEARCH_USER_PATHS = NO;
				ARCHS = "$(ARCHS_STANDARD_32_BIT)";
				CLANG_ENABLE_OBJC_ARC = YES;
				"CODE_SIGN_IDENTITY[sdk=iphoneos*]" = "iPhone Developer";
				COPY_PHASE_STRIP = NO;
				GCC_C_LANGUAGE_STANDARD = gnu99;
				GCC_DYNAMIC_NO_PIC = NO;
				GCC_OPTIMIZATION_LEVEL = 0;
				GCC_PREPROCESSOR_DEFINITIONS = (
					"DEBUG=1",
					"$(inherited)",
				);
				GCC_SYMBOLS_PRIVATE_EXTERN = NO;
				GCC_VERSION = com.apple.compilers.llvm.clang.1_0;
				GCC_WARN_ABOUT_MISSING_PROTOTYPES = YES;
				GCC_WARN_ABOUT_RETURN_TYPE = YES;
				GCC_WARN_UNUSED_VARIABLE = YES;
				IPHONEOS_DEPLOYMENT_TARGET = 5.0;
				SDKROOT = iphoneos;
			};
			name = Debug;
		};
		F21896FF148D953C00309A50 /* Release */ = {
			isa = XCBuildConfiguration;
			buildSettings = {
				ALWAYS_SEARCH_USER_PATHS = NO;
				ARCHS = "$(ARCHS_STANDARD_32_BIT)";
				CLANG_ENABLE_OBJC_ARC = YES;
				"CODE_SIGN_IDENTITY[sdk=iphoneos*]" = "iPhone Developer";
				COPY_PHASE_STRIP = YES;
				GCC_C_LANGUAGE_STANDARD = gnu99;
				GCC_VERSION = com.apple.compilers.llvm.clang.1_0;
				GCC_WARN_ABOUT_MISSING_PROTOTYPES = YES;
				GCC_WARN_ABOUT_RETURN_TYPE = YES;
				GCC_WARN_UNUSED_VARIABLE = YES;
				IPHONEOS_DEPLOYMENT_TARGET = 5.0;
				OTHER_CFLAGS = "-DNS_BLOCK_ASSERTIONS=1";
				SDKROOT = iphoneos;
				VALIDATE_PRODUCT = YES;
			};
			name = Release;
		};
		F2189701148D953C00309A50 /* Debug */ = {
			isa = XCBuildConfiguration;
			buildSettings = {
				GCC_PRECOMPILE_PREFIX_HEADER = YES;
				GCC_PREFIX_HEADER = "FirstTableProject/FirstTableProject-Prefix.pch";
				INFOPLIST_FILE = "FirstTableProject/FirstTableProject-Info.plist";
				PRODUCT_NAME = "$(TARGET_NAME)";
				WRAPPER_EXTENSION = app;
			};
			name = Debug;
		};
		F2189702148D953C00309A50 /* Release */ = {
			isa = XCBuildConfiguration;
			buildSettings = {
				GCC_PRECOMPILE_PREFIX_HEADER = YES;
				GCC_PREFIX_HEADER = "FirstTableProject/FirstTableProject-Prefix.pch";
				INFOPLIST_FILE = "FirstTableProject/FirstTableProject-Info.plist";
				PRODUCT_NAME = "$(TARGET_NAME)";
				WRAPPER_EXTENSION = app;
			};
			name = Release;
		};
/* End XCBuildConfiguration section */

/* Begin XCConfigurationList section */
		F21896DC148D953C00309A50 /* Build configuration list for PBXProject "FirstTableProject" */ = {
			isa = XCConfigurationList;
			buildConfigurations = (
				F21896FE148D953C00309A50 /* Debug */,
				F21896FF148D953C00309A50 /* Release */,
			);
			defaultConfigurationIsVisible = 0;
			defaultConfigurationName = Release;
		};
		F2189700148D953C00309A50 /* Build configuration list for PBXNativeTarget "FirstTableProject" */ = {
			isa = XCConfigurationList;
			buildConfigurations = (
				F2189701148D953C00309A50 /* Debug */,
				F2189702148D953C00309A50 /* Release */,
			);
			defaultConfigurationIsVisible = 0;
		};
/* End XCConfigurationList section */
	};
	rootObject = F21896D9148D953C00309A50 /* Project object */;
}
